
Microsoft Visual Studio Solution File, Format Version 12.00
# Visual Studio Version 16
VisualStudioVersion = 16.0.30523.141
MinimumVisualStudioVersion = 10.0.40219.1
Project("{9A19103F-16F7-4668-BE54-9A1E7A4F7556}") = "AOC_day1", "AOC\AOC_day1.csproj", "{34B1D544-E8E6-4138-ACC6-ED8280D4D7B0}"
EndProject
Project("{9A19103F-16F7-4668-BE54-9A1E7A4F7556}") = "AOC_day2", "AOC_day2\AOC_day2.csproj", "{EC0A8124-78CE-41CB-8C12-C6C8B1419762}"
EndProject
Project("{9A19103F-16F7-4668-BE54-9A1E7A4F7556}") = "AOC_day3", "AOC_day3\AOC_day3.csproj", "{E01BD05E-7339-4C92-8D1C-E55B47C139A5}"
EndProject
Project("{FAE04EC0-301F-11D3-BF4B-00C04F79EFBC}") = "AOC_day4", "AOC_day4\AOC_day4.csproj", "{06D1E24A-1E23-4C9D-AB04-E85A0C51ADD3}"
EndProject
Global
	GlobalSection(SolutionConfigurationPlatforms) = preSolution
		Debug|Any CPU = Debug|Any CPU
		Release|Any CPU = Release|Any CPU
	EndGlobalSection
	GlobalSection(ProjectConfigurationPlatforms) = postSolution
		{34B1D544-E8E6-4138-ACC6-ED8280D4D7B0}.Debug|Any CPU.ActiveCfg = Debug|Any CPU
		{34B1D544-E8E6-4138-ACC6-ED8280D4D7B0}.Debug|Any CPU.Build.0 = Debug|Any CPU
		{34B1D544-E8E6-4138-ACC6-ED8280D4D7B0}.Release|Any CPU.ActiveCfg = Release|Any CPU
		{34B1D544-E8E6-4138-ACC6-ED8280D4D7B0}.Release|Any CPU.Build.0 = Release|Any CPU
		{EC0A8124-78CE-41CB-8C12-C6C8B1419762}.Debug|Any CPU.ActiveCfg = Debug|Any CPU
		{EC0A8124-78CE-41CB-8C12-C6C8B1419762}.Debug|Any CPU.Build.0 = Debug|Any CPU
		{EC0A8124-78CE-41CB-8C12-C6C8B1419762}.Release|Any CPU.ActiveCfg = Release|Any CPU
		{EC0A8124-78CE-41CB-8C12-C6C8B1419762}.Release|Any CPU.Build.0 = Release|Any CPU
		{E01BD05E-7339-4C92-8D1C-E55B47C139A5}.Debug|Any CPU.ActiveCfg = Debug|Any CPU
		{E01BD05E-7339-4C92-8D1C-E55B47C139A5}.Debug|Any CPU.Build.0 = Debug|Any CPU
		{E01BD05E-7339-4C92-8D1C-E55B47C139A5}.Release|Any CPU.ActiveCfg = Release|Any CPU
		{E01BD05E-7339-4C92-8D1C-E55B47C139A5}.Release|Any CPU.Build.0 = Release|Any CPU
		{06D1E24A-1E23-4C9D-AB04-E85A0C51ADD3}.Debug|Any CPU.ActiveCfg = Debug|Any CPU
		{06D1E24A-1E23-4C9D-AB04-E85A0C51ADD3}.Debug|Any CPU.Build.0 = Debug|Any CPU
		{06D1E24A-1E23-4C9D-AB04-E85A0C51ADD3}.Release|Any CPU.ActiveCfg = Release|Any CPU
		{06D1E24A-1E23-4C9D-AB04-E85A0C51ADD3}.Release|Any CPU.Build.0 = Release|Any CPU
	EndGlobalSection
	GlobalSection(SolutionProperties) = preSolution
		HideSolutionNode = FALSE
	EndGlobalSection
	GlobalSection(ExtensibilityGlobals) = postSolution
		SolutionGuid = {390B27F0-F57D-43C7-9E13-0457B8B13B12}
	EndGlobalSection
EndGlobal
